{
  "name": "github-claw",
  "lockfileVersion": 3,
  "requires": true,
  "packages": {
    "": {
      "dependencies": {
        "@inferencesh/sdk": "^0.5.16"
      }
    },
    "node_modules/@inferencesh/sdk": {
      "version": "0.5.16",
      "resolved": "https://registry.npmjs.org/@inferencesh/sdk/-/sdk-0.5.16.tgz",
      "integrity": "sha512-X/Yj2AqGu0F4veOHTCi7qlK4pL9AVdd2HLkzJHfJ+i8wTmZ2keDRI/bv817xy12IN+YvOvouT//mALdRrZ4tRw==",
      "license": "MIT",
      "dependencies": {
        "eventsource": "^4.0.0"
      },
      "engines": {
        "node": ">=18.0.0"
      },
      "peerDependencies": {
        "@sveltejs/kit": ">=2.0.0",
        "express": ">=4.0.0",
        "hono": ">=4.0.0",
        "next": ">=13.0.0",
        "react": ">=18.0.0"
      },
      "peerDependenciesMeta": {
        "@sveltejs/kit": {
          "optional": true
        },
        "express": {
          "optional": true
        },
        "hono": {
          "optional": true
        },
        "next": {
          "optional": true
        },
        "react": {
          "optional": true
        }
      }
    },
    "node_modules/eventsource": {
      "version": "4.1.0",
      "resolved": "https://registry.npmjs.org/eventsource/-/eventsource-4.1.0.tgz",
      "integrity": "sha512-2GuF51iuHX6A9xdTccMTsNb7VO0lHZihApxhvQzJB5A03DvHDd2FQepodbMaztPBmBcE/ox7o2gqaxGhYB9LhQ==",
      "license": "MIT",
      "dependencies": {
        "eventsource-parser": "^3.0.1"
      },
      "engines": {
        "node": ">=20.0.0"
      }
    },
    "node_modules/eventsource-parser": {
      "version": "3.0.8",
      "resolved": "https://registry.npmjs.org/eventsource-parser/-/eventsource-parser-3.0.8.tgz",
      "integrity": "sha512-70QWGkr4snxr0OXLRWsFLeRBIRPuQOvt4s8QYjmUlmlkyTZkRqS7EDVRZtzU3TiyDbXSzaOeF0XUKy8PchzukQ==",
      "license": "MIT",
      "engines": {
        "node": ">=18.0.0"
      }
    }
  }
}
